
Microsoft Visual Studio Solution File, Format Version 12.00
# Visual Studio Version 16
VisualStudioVersion = 16.0.31729.503
MinimumVisualStudioVersion = 10.0.40219.1
Project("{F184B08F-C81C-45F6-A57F-5ABD9991F28F}") = "AresAtWar", "AresAtWar.vbproj", "{09889B20-12CF-4C31-A280-34447876861F}"
EndProject
Global
	GlobalSection(SolutionConfigurationPlatforms) = preSolution
		Debug|Any CPU = Debug|Any CPU
		Release|Any CPU = Release|Any CPU
	EndGlobalSection
	GlobalSection(ProjectConfigurationPlatforms) = postSolution
		{09889B20-12CF-4C31-A280-34447876861F}.Debug|Any CPU.ActiveCfg = Debug|Any CPU
		{09889B20-12CF-4C31-A280-34447876861F}.Debug|Any CPU.Build.0 = Debug|Any CPU
		{09889B20-12CF-4C31-A280-34447876861F}.Release|Any CPU.ActiveCfg = Release|Any CPU
		{09889B20-12CF-4C31-A280-34447876861F}.Release|Any CPU.Build.0 = Release|Any CPU
	EndGlobalSection
	GlobalSection(SolutionProperties) = preSolution
		HideSolutionNode = FALSE
	EndGlobalSection
	GlobalSection(ExtensibilityGlobals) = postSolution
		SolutionGuid = {A712A0F4-C6FC-4781-BDE4-7973EF6E4574}
	EndGlobalSection
EndGlobal
